
Microsoft Visual Studio Solution File, Format Version 12.00
# Visual Studio Version 17
VisualStudioVersion = 17.0.32112.339
MinimumVisualStudioVersion = 10.0.40219.1
Project("{9A19103F-16F7-4668-BE54-9A1E7A4F7556}") = "AppCommon", "AppCommon\AppCommon.csproj", "{E8F47493-81EB-4B97-93F3-0758DA689449}"
EndProject
Project("{9A19103F-16F7-4668-BE54-9A1E7A4F7556}") = "AppConfig", "AppConfig\AppConfig.csproj", "{52288B53-36D3-494D-86E4-B7C57C6B6625}"
EndProject
Project("{9A19103F-16F7-4668-BE54-9A1E7A4F7556}") = "WebApiDto", "WebApiDto\WebApiDto.csproj", "{9546F060-C10C-4937-96B2-CCA6BF5F8C5A}"
EndProject
Project("{2150E333-8FDC-42A3-9474-1A3956D46DE8}") = "tests", "tests", "{FFF96E80-8EE6-4211-92D9-89F6070BB4FD}"
EndProject
Project("{9A19103F-16F7-4668-BE54-9A1E7A4F7556}") = "MauiApp2", "MauiApp2\MauiApp2.csproj", "{3303465E-2EA3-4E34-84AE-DC9BBCB5E9D5}"
EndProject
Project("{9A19103F-16F7-4668-BE54-9A1E7A4F7556}") = "MauiTest", "MauiTest\MauiTest.csproj", "{F06AD231-53F3-45EB-9C15-8C470E10E2A9}"
EndProject
Project("{9A19103F-16F7-4668-BE54-9A1E7A4F7556}") = "MauiViewModels", "MauiViewModels\MauiViewModels.csproj", "{53AB66BF-7024-4B25-BBEB-B14C6614725D}"
EndProject
Project("{9A19103F-16F7-4668-BE54-9A1E7A4F7556}") = "RegisterManyUsersTestApp", "RegisterManyUsersTestApp\RegisterManyUsersTestApp.csproj", "{925EC904-5A1D-4169-BCE7-C332C33108D8}"
EndProject
Project("{9A19103F-16F7-4668-BE54-9A1E7A4F7556}") = "Models", "Models\Models.csproj", "{17FCF1EA-9BA3-4EFC-BA09-22B837E9EBBB}"
EndProject
Project("{9A19103F-16F7-4668-BE54-9A1E7A4F7556}") = "Repos", "Repos\Repos.csproj", "{39BFF3C8-B696-4221-BAED-B0CC87116613}"
EndProject
Project("{9A19103F-16F7-4668-BE54-9A1E7A4F7556}") = "LoadTests", "LoadTests\LoadTests.csproj", "{5995E91B-FE5C-456E-9306-D667235FCEB0}"
EndProject
Project("{9A19103F-16F7-4668-BE54-9A1E7A4F7556}") = "ConfigurationManager", "ConfigurationManager\ConfigurationManager.csproj", "{89AB2027-5767-4729-8284-839273C295C2}"
EndProject
Project("{2150E333-8FDC-42A3-9474-1A3956D46DE8}") = "NewFolder1", "NewFolder1", "{961C8457-3D3E-4C60-83B7-9200F4DC3529}"
EndProject
Project("{9A19103F-16F7-4668-BE54-9A1E7A4F7556}") = "GoogleTracer", "GoogleTracer\GoogleTracer.csproj", "{439D9F0D-1DC4-48D8-909A-2D6120F860B2}"
EndProject
Project("{9A19103F-16F7-4668-BE54-9A1E7A4F7556}") = "IdentityServer4.EntityFramework", "identityserver4\IdentityServer4.EntityFramework\IdentityServer4.EntityFramework.csproj", "{E2B2942A-7449-442D-9ACA-A17BBD74FF8C}"
EndProject
Project("{9A19103F-16F7-4668-BE54-9A1E7A4F7556}") = "IdentityModel", "identityserver4\IdentityModel\IdentityModel.csproj", "{D9CEF566-4505-479E-8451-B48E48829469}"
EndProject
Project("{9A19103F-16F7-4668-BE54-9A1E7A4F7556}") = "IdentityServer4", "identityserver4\IdentityServer4\IdentityServer4.csproj", "{FF64BAAA-940E-43F1-B4D7-5B5F21820EB5}"
EndProject
Project("{9A19103F-16F7-4668-BE54-9A1E7A4F7556}") = "IdentityServer4.Storage", "identityserver4\IdentityServer4.Storage\IdentityServer4.Storage.csproj", "{58493943-092E-4D90-B544-19BF13CFDF16}"
EndProject
Project("{9A19103F-16F7-4668-BE54-9A1E7A4F7556}") = "IdentityServer4.EntityFramework.Storage", "identityserver4\IdentityServer4.EntityFramework.Storage\IdentityServer4.EntityFramework.Storage.csproj", "{32604B58-3FD4-432A-B484-07D7E78A2028}"
EndProject
Project("{9A19103F-16F7-4668-BE54-9A1E7A4F7556}") = "ChatViewModel", "ChatViewModel\ChatViewModel.csproj", "{3E82FF05-3539-4164-AE9C-D382D4FBE6C6}"
EndProject
Project("{9A19103F-16F7-4668-BE54-9A1E7A4F7556}") = "MauiCommonServices", "MauiCommonServices\MauiCommonServices.csproj", "{50813CDC-4813-44F2-B77F-EB9B1D3C64C0}"
EndProject
Project("{9A19103F-16F7-4668-BE54-9A1E7A4F7556}") = "MauiApp1", "MauiApp1\MauiApp1.csproj", "{245E4261-611C-49BD-9910-E11EA1A18529}"
EndProject
Global
	GlobalSection(SolutionConfigurationPlatforms) = preSolution
		Debug|Any CPU = Debug|Any CPU
		Debug|iPhone = Debug|iPhone
		Debug|iPhoneSimulator = Debug|iPhoneSimulator
		Release|Any CPU = Release|Any CPU
		Release|iPhone = Release|iPhone
		Release|iPhoneSimulator = Release|iPhoneSimulator
	EndGlobalSection
	GlobalSection(ProjectConfigurationPlatforms) = postSolution
		{E8F47493-81EB-4B97-93F3-0758DA689449}.Debug|Any CPU.ActiveCfg = Debug|Any CPU
		{E8F47493-81EB-4B97-93F3-0758DA689449}.Debug|Any CPU.Build.0 = Debug|Any CPU
		{E8F47493-81EB-4B97-93F3-0758DA689449}.Debug|iPhone.ActiveCfg = Debug|Any CPU
		{E8F47493-81EB-4B97-93F3-0758DA689449}.Debug|iPhone.Build.0 = Debug|Any CPU
		{E8F47493-81EB-4B97-93F3-0758DA689449}.Debug|iPhoneSimulator.ActiveCfg = Debug|Any CPU
		{E8F47493-81EB-4B97-93F3-0758DA689449}.Debug|iPhoneSimulator.Build.0 = Debug|Any CPU
		{E8F47493-81EB-4B97-93F3-0758DA689449}.Release|Any CPU.ActiveCfg = Release|Any CPU
		{E8F47493-81EB-4B97-93F3-0758DA689449}.Release|Any CPU.Build.0 = Release|Any CPU
		{E8F47493-81EB-4B97-93F3-0758DA689449}.Release|iPhone.ActiveCfg = Release|Any CPU
		{E8F47493-81EB-4B97-93F3-0758DA689449}.Release|iPhone.Build.0 = Release|Any CPU
		{E8F47493-81EB-4B97-93F3-0758DA689449}.Release|iPhoneSimulator.ActiveCfg = Release|Any CPU
		{E8F47493-81EB-4B97-93F3-0758DA689449}.Release|iPhoneSimulator.Build.0 = Release|Any CPU
		{52288B53-36D3-494D-86E4-B7C57C6B6625}.Debug|Any CPU.ActiveCfg = Debug|Any CPU
		{52288B53-36D3-494D-86E4-B7C57C6B6625}.Debug|Any CPU.Build.0 = Debug|Any CPU
		{52288B53-36D3-494D-86E4-B7C57C6B6625}.Debug|iPhone.ActiveCfg = Debug|Any CPU
		{52288B53-36D3-494D-86E4-B7C57C6B6625}.Debug|iPhone.Build.0 = Debug|Any CPU
		{52288B53-36D3-494D-86E4-B7C57C6B6625}.Debug|iPhoneSimulator.ActiveCfg = Debug|Any CPU
		{52288B53-36D3-494D-86E4-B7C57C6B6625}.Debug|iPhoneSimulator.Build.0 = Debug|Any CPU
		{52288B53-36D3-494D-86E4-B7C57C6B6625}.Release|Any CPU.ActiveCfg = Release|Any CPU
		{52288B53-36D3-494D-86E4-B7C57C6B6625}.Release|Any CPU.Build.0 = Release|Any CPU
		{52288B53-36D3-494D-86E4-B7C57C6B6625}.Release|iPhone.ActiveCfg = Release|Any CPU
		{52288B53-36D3-494D-86E4-B7C57C6B6625}.Release|iPhone.Build.0 = Release|Any CPU
		{52288B53-36D3-494D-86E4-B7C57C6B6625}.Release|iPhoneSimulator.ActiveCfg = Release|Any CPU
		{52288B53-36D3-494D-86E4-B7C57C6B6625}.Release|iPhoneSimulator.Build.0 = Release|Any CPU
		{9546F060-C10C-4937-96B2-CCA6BF5F8C5A}.Debug|Any CPU.ActiveCfg = Debug|Any CPU
		{9546F060-C10C-4937-96B2-CCA6BF5F8C5A}.Debug|Any CPU.Build.0 = Debug|Any CPU
		{9546F060-C10C-4937-96B2-CCA6BF5F8C5A}.Debug|iPhone.ActiveCfg = Debug|Any CPU
		{9546F060-C10C-4937-96B2-CCA6BF5F8C5A}.Debug|iPhone.Build.0 = Debug|Any CPU
		{9546F060-C10C-4937-96B2-CCA6BF5F8C5A}.Debug|iPhoneSimulator.ActiveCfg = Debug|Any CPU
		{9546F060-C10C-4937-96B2-CCA6BF5F8C5A}.Debug|iPhoneSimulator.Build.0 = Debug|Any CPU
		{9546F060-C10C-4937-96B2-CCA6BF5F8C5A}.Release|Any CPU.ActiveCfg = Release|Any CPU
		{9546F060-C10C-4937-96B2-CCA6BF5F8C5A}.Release|Any CPU.Build.0 = Release|Any CPU
		{9546F060-C10C-4937-96B2-CCA6BF5F8C5A}.Release|iPhone.ActiveCfg = Release|Any CPU
		{9546F060-C10C-4937-96B2-CCA6BF5F8C5A}.Release|iPhone.Build.0 = Release|Any CPU
		{9546F060-C10C-4937-96B2-CCA6BF5F8C5A}.Release|iPhoneSimulator.ActiveCfg = Release|Any CPU
		{9546F060-C10C-4937-96B2-CCA6BF5F8C5A}.Release|iPhoneSimulator.Build.0 = Release|Any CPU
		{3303465E-2EA3-4E34-84AE-DC9BBCB5E9D5}.Debug|Any CPU.ActiveCfg = Debug|Any CPU
		{3303465E-2EA3-4E34-84AE-DC9BBCB5E9D5}.Debug|Any CPU.Build.0 = Debug|Any CPU
		{3303465E-2EA3-4E34-84AE-DC9BBCB5E9D5}.Debug|Any CPU.Deploy.0 = Debug|Any CPU
		{3303465E-2EA3-4E34-84AE-DC9BBCB5E9D5}.Debug|iPhone.ActiveCfg = Debug|Any CPU
		{3303465E-2EA3-4E34-84AE-DC9BBCB5E9D5}.Debug|iPhone.Build.0 = Debug|Any CPU
		{3303465E-2EA3-4E34-84AE-DC9BBCB5E9D5}.Debug|iPhone.Deploy.0 = Debug|Any CPU
		{3303465E-2EA3-4E34-84AE-DC9BBCB5E9D5}.Debug|iPhoneSimulator.ActiveCfg = Debug|Any CPU
		{3303465E-2EA3-4E34-84AE-DC9BBCB5E9D5}.Debug|iPhoneSimulator.Build.0 = Debug|Any CPU
		{3303465E-2EA3-4E34-84AE-DC9BBCB5E9D5}.Debug|iPhoneSimulator.Deploy.0 = Debug|Any CPU
		{3303465E-2EA3-4E34-84AE-DC9BBCB5E9D5}.Release|Any CPU.ActiveCfg = Release|Any CPU
		{3303465E-2EA3-4E34-84AE-DC9BBCB5E9D5}.Release|Any CPU.Build.0 = Release|Any CPU
		{3303465E-2EA3-4E34-84AE-DC9BBCB5E9D5}.Release|Any CPU.Deploy.0 = Release|Any CPU
		{3303465E-2EA3-4E34-84AE-DC9BBCB5E9D5}.Release|iPhone.ActiveCfg = Release|Any CPU
		{3303465E-2EA3-4E34-84AE-DC9BBCB5E9D5}.Release|iPhone.Build.0 = Release|Any CPU
		{3303465E-2EA3-4E34-84AE-DC9BBCB5E9D5}.Release|iPhone.Deploy.0 = Release|Any CPU
		{3303465E-2EA3-4E34-84AE-DC9BBCB5E9D5}.Release|iPhoneSimulator.ActiveCfg = Release|Any CPU
		{3303465E-2EA3-4E34-84AE-DC9BBCB5E9D5}.Release|iPhoneSimulator.Build.0 = Release|Any CPU
		{3303465E-2EA3-4E34-84AE-DC9BBCB5E9D5}.Release|iPhoneSimulator.Deploy.0 = Release|Any CPU
		{F06AD231-53F3-45EB-9C15-8C470E10E2A9}.Debug|Any CPU.ActiveCfg = Debug|Any CPU
		{F06AD231-53F3-45EB-9C15-8C470E10E2A9}.Debug|Any CPU.Build.0 = Debug|Any CPU
		{F06AD231-53F3-45EB-9C15-8C470E10E2A9}.Debug|iPhone.ActiveCfg = Debug|Any CPU
		{F06AD231-53F3-45EB-9C15-8C470E10E2A9}.Debug|iPhone.Build.0 = Debug|Any CPU
		{F06AD231-53F3-45EB-9C15-8C470E10E2A9}.Debug|iPhoneSimulator.ActiveCfg = Debug|Any CPU
		{F06AD231-53F3-45EB-9C15-8C470E10E2A9}.Debug|iPhoneSimulator.Build.0 = Debug|Any CPU
		{F06AD231-53F3-45EB-9C15-8C470E10E2A9}.Release|Any CPU.ActiveCfg = Release|Any CPU
		{F06AD231-53F3-45EB-9C15-8C470E10E2A9}.Release|Any CPU.Build.0 = Release|Any CPU
		{F06AD231-53F3-45EB-9C15-8C470E10E2A9}.Release|iPhone.ActiveCfg = Release|Any CPU
		{F06AD231-53F3-45EB-9C15-8C470E10E2A9}.Release|iPhone.Build.0 = Release|Any CPU
		{F06AD231-53F3-45EB-9C15-8C470E10E2A9}.Release|iPhoneSimulator.ActiveCfg = Release|Any CPU
		{F06AD231-53F3-45EB-9C15-8C470E10E2A9}.Release|iPhoneSimulator.Build.0 = Release|Any CPU
		{53AB66BF-7024-4B25-BBEB-B14C6614725D}.Debug|Any CPU.ActiveCfg = Debug|Any CPU
		{53AB66BF-7024-4B25-BBEB-B14C6614725D}.Debug|Any CPU.Build.0 = Debug|Any CPU
		{53AB66BF-7024-4B25-BBEB-B14C6614725D}.Debug|iPhone.ActiveCfg = Debug|Any CPU
		{53AB66BF-7024-4B25-BBEB-B14C6614725D}.Debug|iPhone.Build.0 = Debug|Any CPU
		{53AB66BF-7024-4B25-BBEB-B14C6614725D}.Debug|iPhoneSimulator.ActiveCfg = Debug|Any CPU
		{53AB66BF-7024-4B25-BBEB-B14C6614725D}.Debug|iPhoneSimulator.Build.0 = Debug|Any CPU
		{53AB66BF-7024-4B25-BBEB-B14C6614725D}.Release|Any CPU.ActiveCfg = Release|Any CPU
		{53AB66BF-7024-4B25-BBEB-B14C6614725D}.Release|Any CPU.Build.0 = Release|Any CPU
		{53AB66BF-7024-4B25-BBEB-B14C6614725D}.Release|iPhone.ActiveCfg = Release|Any CPU
		{53AB66BF-7024-4B25-BBEB-B14C6614725D}.Release|iPhone.Build.0 = Release|Any CPU
		{53AB66BF-7024-4B25-BBEB-B14C6614725D}.Release|iPhoneSimulator.ActiveCfg = Release|Any CPU
		{53AB66BF-7024-4B25-BBEB-B14C6614725D}.Release|iPhoneSimulator.Build.0 = Release|Any CPU
		{925EC904-5A1D-4169-BCE7-C332C33108D8}.Debug|Any CPU.ActiveCfg = Debug|Any CPU
		{925EC904-5A1D-4169-BCE7-C332C33108D8}.Debug|Any CPU.Build.0 = Debug|Any CPU
		{925EC904-5A1D-4169-BCE7-C332C33108D8}.Debug|iPhone.ActiveCfg = Debug|Any CPU
		{925EC904-5A1D-4169-BCE7-C332C33108D8}.Debug|iPhone.Build.0 = Debug|Any CPU
		{925EC904-5A1D-4169-BCE7-C332C33108D8}.Debug|iPhoneSimulator.ActiveCfg = Debug|Any CPU
		{925EC904-5A1D-4169-BCE7-C332C33108D8}.Debug|iPhoneSimulator.Build.0 = Debug|Any CPU
		{925EC904-5A1D-4169-BCE7-C332C33108D8}.Release|Any CPU.ActiveCfg = Release|Any CPU
		{925EC904-5A1D-4169-BCE7-C332C33108D8}.Release|Any CPU.Build.0 = Release|Any CPU
		{925EC904-5A1D-4169-BCE7-C332C33108D8}.Release|iPhone.ActiveCfg = Release|Any CPU
		{925EC904-5A1D-4169-BCE7-C332C33108D8}.Release|iPhone.Build.0 = Release|Any CPU
		{925EC904-5A1D-4169-BCE7-C332C33108D8}.Release|iPhoneSimulator.ActiveCfg = Release|Any CPU
		{925EC904-5A1D-4169-BCE7-C332C33108D8}.Release|iPhoneSimulator.Build.0 = Release|Any CPU
		{17FCF1EA-9BA3-4EFC-BA09-22B837E9EBBB}.Debug|Any CPU.ActiveCfg = Debug|Any CPU
		{17FCF1EA-9BA3-4EFC-BA09-22B837E9EBBB}.Debug|Any CPU.Build.0 = Debug|Any CPU
		{17FCF1EA-9BA3-4EFC-BA09-22B837E9EBBB}.Debug|iPhone.ActiveCfg = Debug|Any CPU
		{17FCF1EA-9BA3-4EFC-BA09-22B837E9EBBB}.Debug|iPhone.Build.0 = Debug|Any CPU
		{17FCF1EA-9BA3-4EFC-BA09-22B837E9EBBB}.Debug|iPhoneSimulator.ActiveCfg = Debug|Any CPU
		{17FCF1EA-9BA3-4EFC-BA09-22B837E9EBBB}.Debug|iPhoneSimulator.Build.0 = Debug|Any CPU
		{17FCF1EA-9BA3-4EFC-BA09-22B837E9EBBB}.Release|Any CPU.ActiveCfg = Release|Any CPU
		{17FCF1EA-9BA3-4EFC-BA09-22B837E9EBBB}.Release|Any CPU.Build.0 = Release|Any CPU
		{17FCF1EA-9BA3-4EFC-BA09-22B837E9EBBB}.Release|iPhone.ActiveCfg = Release|Any CPU
		{17FCF1EA-9BA3-4EFC-BA09-22B837E9EBBB}.Release|iPhone.Build.0 = Release|Any CPU
		{17FCF1EA-9BA3-4EFC-BA09-22B837E9EBBB}.Release|iPhoneSimulator.ActiveCfg = Release|Any CPU
		{17FCF1EA-9BA3-4EFC-BA09-22B837E9EBBB}.Release|iPhoneSimulator.Build.0 = Release|Any CPU
		{39BFF3C8-B696-4221-BAED-B0CC87116613}.Debug|Any CPU.ActiveCfg = Debug|Any CPU
		{39BFF3C8-B696-4221-BAED-B0CC87116613}.Debug|Any CPU.Build.0 = Debug|Any CPU
		{39BFF3C8-B696-4221-BAED-B0CC87116613}.Debug|iPhone.ActiveCfg = Debug|Any CPU
		{39BFF3C8-B696-4221-BAED-B0CC87116613}.Debug|iPhone.Build.0 = Debug|Any CPU
		{39BFF3C8-B696-4221-BAED-B0CC87116613}.Debug|iPhoneSimulator.ActiveCfg = Debug|Any CPU
		{39BFF3C8-B696-4221-BAED-B0CC87116613}.Debug|iPhoneSimulator.Build.0 = Debug|Any CPU
		{39BFF3C8-B696-4221-BAED-B0CC87116613}.Release|Any CPU.ActiveCfg = Release|Any CPU
		{39BFF3C8-B696-4221-BAED-B0CC87116613}.Release|Any CPU.Build.0 = Release|Any CPU
		{39BFF3C8-B696-4221-BAED-B0CC87116613}.Release|iPhone.ActiveCfg = Release|Any CPU
		{39BFF3C8-B696-4221-BAED-B0CC87116613}.Release|iPhone.Build.0 = Release|Any CPU
		{39BFF3C8-B696-4221-BAED-B0CC87116613}.Release|iPhoneSimulator.ActiveCfg = Release|Any CPU
		{39BFF3C8-B696-4221-BAED-B0CC87116613}.Release|iPhoneSimulator.Build.0 = Release|Any CPU
		{5995E91B-FE5C-456E-9306-D667235FCEB0}.Debug|Any CPU.ActiveCfg = Debug|Any CPU
		{5995E91B-FE5C-456E-9306-D667235FCEB0}.Debug|Any CPU.Build.0 = Debug|Any CPU
		{5995E91B-FE5C-456E-9306-D667235FCEB0}.Debug|iPhone.ActiveCfg = Debug|Any CPU
		{5995E91B-FE5C-456E-9306-D667235FCEB0}.Debug|iPhone.Build.0 = Debug|Any CPU
		{5995E91B-FE5C-456E-9306-D667235FCEB0}.Debug|iPhoneSimulator.ActiveCfg = Debug|Any CPU
		{5995E91B-FE5C-456E-9306-D667235FCEB0}.Debug|iPhoneSimulator.Build.0 = Debug|Any CPU
		{5995E91B-FE5C-456E-9306-D667235FCEB0}.Release|Any CPU.ActiveCfg = Release|Any CPU
		{5995E91B-FE5C-456E-9306-D667235FCEB0}.Release|Any CPU.Build.0 = Release|Any CPU
		{5995E91B-FE5C-456E-9306-D667235FCEB0}.Release|iPhone.ActiveCfg = Release|Any CPU
		{5995E91B-FE5C-456E-9306-D667235FCEB0}.Release|iPhone.Build.0 = Release|Any CPU
		{5995E91B-FE5C-456E-9306-D667235FCEB0}.Release|iPhoneSimulator.ActiveCfg = Release|Any CPU
		{5995E91B-FE5C-456E-9306-D667235FCEB0}.Release|iPhoneSimulator.Build.0 = Release|Any CPU
		{89AB2027-5767-4729-8284-839273C295C2}.Debug|Any CPU.ActiveCfg = Debug|Any CPU
		{89AB2027-5767-4729-8284-839273C295C2}.Debug|Any CPU.Build.0 = Debug|Any CPU
		{89AB2027-5767-4729-8284-839273C295C2}.Debug|iPhone.ActiveCfg = Debug|Any CPU
		{89AB2027-5767-4729-8284-839273C295C2}.Debug|iPhone.Build.0 = Debug|Any CPU
		{89AB2027-5767-4729-8284-839273C295C2}.Debug|iPhoneSimulator.ActiveCfg = Debug|Any CPU
		{89AB2027-5767-4729-8284-839273C295C2}.Debug|iPhoneSimulator.Build.0 = Debug|Any CPU
		{89AB2027-5767-4729-8284-839273C295C2}.Release|Any CPU.ActiveCfg = Release|Any CPU
		{89AB2027-5767-4729-8284-839273C295C2}.Release|Any CPU.Build.0 = Release|Any CPU
		{89AB2027-5767-4729-8284-839273C295C2}.Release|iPhone.ActiveCfg = Release|Any CPU
		{89AB2027-5767-4729-8284-839273C295C2}.Release|iPhone.Build.0 = Release|Any CPU
		{89AB2027-5767-4729-8284-839273C295C2}.Release|iPhoneSimulator.ActiveCfg = Release|Any CPU
		{89AB2027-5767-4729-8284-839273C295C2}.Release|iPhoneSimulator.Build.0 = Release|Any CPU
		{439D9F0D-1DC4-48D8-909A-2D6120F860B2}.Debug|Any CPU.ActiveCfg = Debug|Any CPU
		{439D9F0D-1DC4-48D8-909A-2D6120F860B2}.Debug|Any CPU.Build.0 = Debug|Any CPU
		{439D9F0D-1DC4-48D8-909A-2D6120F860B2}.Debug|iPhone.ActiveCfg = Debug|Any CPU
		{439D9F0D-1DC4-48D8-909A-2D6120F860B2}.Debug|iPhone.Build.0 = Debug|Any CPU
		{439D9F0D-1DC4-48D8-909A-2D6120F860B2}.Debug|iPhoneSimulator.ActiveCfg = Debug|Any CPU
		{439D9F0D-1DC4-48D8-909A-2D6120F860B2}.Debug|iPhoneSimulator.Build.0 = Debug|Any CPU
		{439D9F0D-1DC4-48D8-909A-2D6120F860B2}.Release|Any CPU.ActiveCfg = Release|Any CPU
		{439D9F0D-1DC4-48D8-909A-2D6120F860B2}.Release|Any CPU.Build.0 = Release|Any CPU
		{439D9F0D-1DC4-48D8-909A-2D6120F860B2}.Release|iPhone.ActiveCfg = Release|Any CPU
		{439D9F0D-1DC4-48D8-909A-2D6120F860B2}.Release|iPhone.Build.0 = Release|Any CPU
		{439D9F0D-1DC4-48D8-909A-2D6120F860B2}.Release|iPhoneSimulator.ActiveCfg = Release|Any CPU
		{439D9F0D-1DC4-48D8-909A-2D6120F860B2}.Release|iPhoneSimulator.Build.0 = Release|Any CPU
		{E2B2942A-7449-442D-9ACA-A17BBD74FF8C}.Debug|Any CPU.ActiveCfg = Debug|Any CPU
		{E2B2942A-7449-442D-9ACA-A17BBD74FF8C}.Debug|Any CPU.Build.0 = Debug|Any CPU
		{E2B2942A-7449-442D-9ACA-A17BBD74FF8C}.Debug|iPhone.ActiveCfg = Debug|Any CPU
		{E2B2942A-7449-442D-9ACA-A17BBD74FF8C}.Debug|iPhone.Build.0 = Debug|Any CPU
		{E2B2942A-7449-442D-9ACA-A17BBD74FF8C}.Debug|iPhoneSimulator.ActiveCfg = Debug|Any CPU
		{E2B2942A-7449-442D-9ACA-A17BBD74FF8C}.Debug|iPhoneSimulator.Build.0 = Debug|Any CPU
		{E2B2942A-7449-442D-9ACA-A17BBD74FF8C}.Release|Any CPU.ActiveCfg = Release|Any CPU
		{E2B2942A-7449-442D-9ACA-A17BBD74FF8C}.Release|Any CPU.Build.0 = Release|Any CPU
		{E2B2942A-7449-442D-9ACA-A17BBD74FF8C}.Release|iPhone.ActiveCfg = Release|Any CPU
		{E2B2942A-7449-442D-9ACA-A17BBD74FF8C}.Release|iPhone.Build.0 = Release|Any CPU
		{E2B2942A-7449-442D-9ACA-A17BBD74FF8C}.Release|iPhoneSimulator.ActiveCfg = Release|Any CPU
		{E2B2942A-7449-442D-9ACA-A17BBD74FF8C}.Release|iPhoneSimulator.Build.0 = Release|Any CPU
		{D9CEF566-4505-479E-8451-B48E48829469}.Debug|Any CPU.ActiveCfg = Debug|Any CPU
		{D9CEF566-4505-479E-8451-B48E48829469}.Debug|Any CPU.Build.0 = Debug|Any CPU
		{D9CEF566-4505-479E-8451-B48E48829469}.Debug|iPhone.ActiveCfg = Debug|Any CPU
		{D9CEF566-4505-479E-8451-B48E48829469}.Debug|iPhone.Build.0 = Debug|Any CPU
		{D9CEF566-4505-479E-8451-B48E48829469}.Debug|iPhoneSimulator.ActiveCfg = Debug|Any CPU
		{D9CEF566-4505-479E-8451-B48E48829469}.Debug|iPhoneSimulator.Build.0 = Debug|Any CPU
		{D9CEF566-4505-479E-8451-B48E48829469}.Release|Any CPU.ActiveCfg = Release|Any CPU
		{D9CEF566-4505-479E-8451-B48E48829469}.Release|Any CPU.Build.0 = Release|Any CPU
		{D9CEF566-4505-479E-8451-B48E48829469}.Release|iPhone.ActiveCfg = Release|Any CPU
		{D9CEF566-4505-479E-8451-B48E48829469}.Release|iPhone.Build.0 = Release|Any CPU
		{D9CEF566-4505-479E-8451-B48E48829469}.Release|iPhoneSimulator.ActiveCfg = Release|Any CPU
		{D9CEF566-4505-479E-8451-B48E48829469}.Release|iPhoneSimulator.Build.0 = Release|Any CPU
		{FF64BAAA-940E-43F1-B4D7-5B5F21820EB5}.Debug|Any CPU.ActiveCfg = Debug|Any CPU
		{FF64BAAA-940E-43F1-B4D7-5B5F21820EB5}.Debug|Any CPU.Build.0 = Debug|Any CPU
		{FF64BAAA-940E-43F1-B4D7-5B5F21820EB5}.Debug|iPhone.ActiveCfg = Debug|Any CPU
		{FF64BAAA-940E-43F1-B4D7-5B5F21820EB5}.Debug|iPhone.Build.0 = Debug|Any CPU
		{FF64BAAA-940E-43F1-B4D7-5B5F21820EB5}.Debug|iPhoneSimulator.ActiveCfg = Debug|Any CPU
		{FF64BAAA-940E-43F1-B4D7-5B5F21820EB5}.Debug|iPhoneSimulator.Build.0 = Debug|Any CPU
		{FF64BAAA-940E-43F1-B4D7-5B5F21820EB5}.Release|Any CPU.ActiveCfg = Release|Any CPU
		{FF64BAAA-940E-43F1-B4D7-5B5F21820EB5}.Release|Any CPU.Build.0 = Release|Any CPU
		{FF64BAAA-940E-43F1-B4D7-5B5F21820EB5}.Release|iPhone.ActiveCfg = Release|Any CPU
		{FF64BAAA-940E-43F1-B4D7-5B5F21820EB5}.Release|iPhone.Build.0 = Release|Any CPU
		{FF64BAAA-940E-43F1-B4D7-5B5F21820EB5}.Release|iPhoneSimulator.ActiveCfg = Release|Any CPU
		{FF64BAAA-940E-43F1-B4D7-5B5F21820EB5}.Release|iPhoneSimulator.Build.0 = Release|Any CPU
		{58493943-092E-4D90-B544-19BF13CFDF16}.Debug|Any CPU.ActiveCfg = Debug|Any CPU
		{58493943-092E-4D90-B544-19BF13CFDF16}.Debug|Any CPU.Build.0 = Debug|Any CPU
		{58493943-092E-4D90-B544-19BF13CFDF16}.Debug|iPhone.ActiveCfg = Debug|Any CPU
		{58493943-092E-4D90-B544-19BF13CFDF16}.Debug|iPhone.Build.0 = Debug|Any CPU
		{58493943-092E-4D90-B544-19BF13CFDF16}.Debug|iPhoneSimulator.ActiveCfg = Debug|Any CPU
		{58493943-092E-4D90-B544-19BF13CFDF16}.Debug|iPhoneSimulator.Build.0 = Debug|Any CPU
		{58493943-092E-4D90-B544-19BF13CFDF16}.Release|Any CPU.ActiveCfg = Release|Any CPU
		{58493943-092E-4D90-B544-19BF13CFDF16}.Release|Any CPU.Build.0 = Release|Any CPU
		{58493943-092E-4D90-B544-19BF13CFDF16}.Release|iPhone.ActiveCfg = Release|Any CPU
		{58493943-092E-4D90-B544-19BF13CFDF16}.Release|iPhone.Build.0 = Release|Any CPU
		{58493943-092E-4D90-B544-19BF13CFDF16}.Release|iPhoneSimulator.ActiveCfg = Release|Any CPU
		{58493943-092E-4D90-B544-19BF13CFDF16}.Release|iPhoneSimulator.Build.0 = Release|Any CPU
		{32604B58-3FD4-432A-B484-07D7E78A2028}.Debug|Any CPU.ActiveCfg = Debug|Any CPU
		{32604B58-3FD4-432A-B484-07D7E78A2028}.Debug|Any CPU.Build.0 = Debug|Any CPU
		{32604B58-3FD4-432A-B484-07D7E78A2028}.Debug|iPhone.ActiveCfg = Debug|Any CPU
		{32604B58-3FD4-432A-B484-07D7E78A2028}.Debug|iPhone.Build.0 = Debug|Any CPU
		{32604B58-3FD4-432A-B484-07D7E78A2028}.Debug|iPhoneSimulator.ActiveCfg = Debug|Any CPU
		{32604B58-3FD4-432A-B484-07D7E78A2028}.Debug|iPhoneSimulator.Build.0 = Debug|Any CPU
		{32604B58-3FD4-432A-B484-07D7E78A2028}.Release|Any CPU.ActiveCfg = Release|Any CPU
		{32604B58-3FD4-432A-B484-07D7E78A2028}.Release|Any CPU.Build.0 = Release|Any CPU
		{32604B58-3FD4-432A-B484-07D7E78A2028}.Release|iPhone.ActiveCfg = Release|Any CPU
		{32604B58-3FD4-432A-B484-07D7E78A2028}.Release|iPhone.Build.0 = Release|Any CPU
		{32604B58-3FD4-432A-B484-07D7E78A2028}.Release|iPhoneSimulator.ActiveCfg = Release|Any CPU
		{32604B58-3FD4-432A-B484-07D7E78A2028}.Release|iPhoneSimulator.Build.0 = Release|Any CPU
		{3E82FF05-3539-4164-AE9C-D382D4FBE6C6}.Debug|Any CPU.ActiveCfg = Debug|Any CPU
		{3E82FF05-3539-4164-AE9C-D382D4FBE6C6}.Debug|Any CPU.Build.0 = Debug|Any CPU
		{3E82FF05-3539-4164-AE9C-D382D4FBE6C6}.Debug|iPhone.ActiveCfg = Debug|Any CPU
		{3E82FF05-3539-4164-AE9C-D382D4FBE6C6}.Debug|iPhone.Build.0 = Debug|Any CPU
		{3E82FF05-3539-4164-AE9C-D382D4FBE6C6}.Debug|iPhoneSimulator.ActiveCfg = Debug|Any CPU
		{3E82FF05-3539-4164-AE9C-D382D4FBE6C6}.Debug|iPhoneSimulator.Build.0 = Debug|Any CPU
		{3E82FF05-3539-4164-AE9C-D382D4FBE6C6}.Release|Any CPU.ActiveCfg = Release|Any CPU
		{3E82FF05-3539-4164-AE9C-D382D4FBE6C6}.Release|Any CPU.Build.0 = Release|Any CPU
		{3E82FF05-3539-4164-AE9C-D382D4FBE6C6}.Release|iPhone.ActiveCfg = Release|Any CPU
		{3E82FF05-3539-4164-AE9C-D382D4FBE6C6}.Release|iPhone.Build.0 = Release|Any CPU
		{3E82FF05-3539-4164-AE9C-D382D4FBE6C6}.Release|iPhoneSimulator.ActiveCfg = Release|Any CPU
		{3E82FF05-3539-4164-AE9C-D382D4FBE6C6}.Release|iPhoneSimulator.Build.0 = Release|Any CPU
		{50813CDC-4813-44F2-B77F-EB9B1D3C64C0}.Debug|Any CPU.ActiveCfg = Debug|Any CPU
		{50813CDC-4813-44F2-B77F-EB9B1D3C64C0}.Debug|Any CPU.Build.0 = Debug|Any CPU
		{50813CDC-4813-44F2-B77F-EB9B1D3C64C0}.Debug|iPhone.ActiveCfg = Debug|Any CPU
		{50813CDC-4813-44F2-B77F-EB9B1D3C64C0}.Debug|iPhone.Build.0 = Debug|Any CPU
		{50813CDC-4813-44F2-B77F-EB9B1D3C64C0}.Debug|iPhoneSimulator.ActiveCfg = Debug|Any CPU
		{50813CDC-4813-44F2-B77F-EB9B1D3C64C0}.Debug|iPhoneSimulator.Build.0 = Debug|Any CPU
		{50813CDC-4813-44F2-B77F-EB9B1D3C64C0}.Release|Any CPU.ActiveCfg = Release|Any CPU
		{50813CDC-4813-44F2-B77F-EB9B1D3C64C0}.Release|Any CPU.Build.0 = Release|Any CPU
		{50813CDC-4813-44F2-B77F-EB9B1D3C64C0}.Release|iPhone.ActiveCfg = Release|Any CPU
		{50813CDC-4813-44F2-B77F-EB9B1D3C64C0}.Release|iPhone.Build.0 = Release|Any CPU
		{50813CDC-4813-44F2-B77F-EB9B1D3C64C0}.Release|iPhoneSimulator.ActiveCfg = Release|Any CPU
		{50813CDC-4813-44F2-B77F-EB9B1D3C64C0}.Release|iPhoneSimulator.Build.0 = Release|Any CPU
		{245E4261-611C-49BD-9910-E11EA1A18529}.Debug|Any CPU.ActiveCfg = Debug|Any CPU
		{245E4261-611C-49BD-9910-E11EA1A18529}.Debug|Any CPU.Build.0 = Debug|Any CPU
		{245E4261-611C-49BD-9910-E11EA1A18529}.Debug|Any CPU.Deploy.0 = Debug|Any CPU
		{245E4261-611C-49BD-9910-E11EA1A18529}.Debug|iPhone.ActiveCfg = Debug|Any CPU
		{245E4261-611C-49BD-9910-E11EA1A18529}.Debug|iPhone.Build.0 = Debug|Any CPU
		{245E4261-611C-49BD-9910-E11EA1A18529}.Debug|iPhone.Deploy.0 = Debug|Any CPU
		{245E4261-611C-49BD-9910-E11EA1A18529}.Debug|iPhoneSimulator.ActiveCfg = Debug|Any CPU
		{245E4261-611C-49BD-9910-E11EA1A18529}.Debug|iPhoneSimulator.Build.0 = Debug|Any CPU
		{245E4261-611C-49BD-9910-E11EA1A18529}.Debug|iPhoneSimulator.Deploy.0 = Debug|Any CPU
		{245E4261-611C-49BD-9910-E11EA1A18529}.Release|Any CPU.ActiveCfg = Release|Any CPU
		{245E4261-611C-49BD-9910-E11EA1A18529}.Release|Any CPU.Build.0 = Release|Any CPU
		{245E4261-611C-49BD-9910-E11EA1A18529}.Release|Any CPU.Deploy.0 = Release|Any CPU
		{245E4261-611C-49BD-9910-E11EA1A18529}.Release|iPhone.ActiveCfg = Release|Any CPU
		{245E4261-611C-49BD-9910-E11EA1A18529}.Release|iPhone.Build.0 = Release|Any CPU
		{245E4261-611C-49BD-9910-E11EA1A18529}.Release|iPhone.Deploy.0 = Release|Any CPU
		{245E4261-611C-49BD-9910-E11EA1A18529}.Release|iPhoneSimulator.ActiveCfg = Release|Any CPU
		{245E4261-611C-49BD-9910-E11EA1A18529}.Release|iPhoneSimulator.Build.0 = Release|Any CPU
		{245E4261-611C-49BD-9910-E11EA1A18529}.Release|iPhoneSimulator.Deploy.0 = Release|Any CPU
	EndGlobalSection
	GlobalSection(SolutionProperties) = preSolution
		HideSolutionNode = FALSE
	EndGlobalSection
	GlobalSection(NestedProjects) = preSolution
		{F06AD231-53F3-45EB-9C15-8C470E10E2A9} = {FFF96E80-8EE6-4211-92D9-89F6070BB4FD}
		{925EC904-5A1D-4169-BCE7-C332C33108D8} = {FFF96E80-8EE6-4211-92D9-89F6070BB4FD}
		{17FCF1EA-9BA3-4EFC-BA09-22B837E9EBBB} = {961C8457-3D3E-4C60-83B7-9200F4DC3529}
		{39BFF3C8-B696-4221-BAED-B0CC87116613} = {961C8457-3D3E-4C60-83B7-9200F4DC3529}
		{5995E91B-FE5C-456E-9306-D667235FCEB0} = {FFF96E80-8EE6-4211-92D9-89F6070BB4FD}
		{89AB2027-5767-4729-8284-839273C295C2} = {961C8457-3D3E-4C60-83B7-9200F4DC3529}
		{961C8457-3D3E-4C60-83B7-9200F4DC3529} = {FFF96E80-8EE6-4211-92D9-89F6070BB4FD}
		{439D9F0D-1DC4-48D8-909A-2D6120F860B2} = {961C8457-3D3E-4C60-83B7-9200F4DC3529}
		{E2B2942A-7449-442D-9ACA-A17BBD74FF8C} = {961C8457-3D3E-4C60-83B7-9200F4DC3529}
		{D9CEF566-4505-479E-8451-B48E48829469} = {961C8457-3D3E-4C60-83B7-9200F4DC3529}
		{FF64BAAA-940E-43F1-B4D7-5B5F21820EB5} = {961C8457-3D3E-4C60-83B7-9200F4DC3529}
		{58493943-092E-4D90-B544-19BF13CFDF16} = {961C8457-3D3E-4C60-83B7-9200F4DC3529}
		{32604B58-3FD4-432A-B484-07D7E78A2028} = {961C8457-3D3E-4C60-83B7-9200F4DC3529}
	EndGlobalSection
	GlobalSection(ExtensibilityGlobals) = postSolution
		SolutionGuid = {DB02EEF5-A800-4BAB-8846-871886F0273A}
	EndGlobalSection
EndGlobal
