
Microsoft Visual Studio Solution File, Format Version 12.00
# Visual Studio Version 17
VisualStudioVersion = 17.0.32112.339
MinimumVisualStudioVersion = 10.0.40219.1
Project("{2150E333-8FDC-42A3-9474-1A3956D46DE8}") = "Tests", "Tests", "{CA70087D-8B7F-4B51-8435-1843B21EF901}"
EndProject
Project("{9A19103F-16F7-4668-BE54-9A1E7A4F7556}") = "ConfigurationManagerTests", "ConfigurationManagerTests\ConfigurationManagerTests.csproj", "{FAA476F3-A160-4A65-8CA7-5BF4CB020B5E}"
EndProject
Project("{9A19103F-16F7-4668-BE54-9A1E7A4F7556}") = "ServicesTests", "ServicesTests\ServicesTests.csproj", "{8EE5C629-F800-44A1-BDD1-7267B239E6AA}"
EndProject
Project("{9A19103F-16F7-4668-BE54-9A1E7A4F7556}") = "AppCommon", "AppCommon\AppCommon.csproj", "{F51855D6-39C6-4014-BE0D-0D98A3522D13}"
EndProject
Project("{9A19103F-16F7-4668-BE54-9A1E7A4F7556}") = "IdentityServer", "IdentityServer\IdentityServer.csproj", "{F4330852-8F2D-43E9-9EAF-6A60809F9539}"
EndProject
Project("{2150E333-8FDC-42A3-9474-1A3956D46DE8}") = "Web applications", "Web applications", "{D65ECB26-7B8D-4693-B6E7-0C97DDB39686}"
EndProject
Project("{2150E333-8FDC-42A3-9474-1A3956D46DE8}") = "Libraries", "Libraries", "{9F57F958-769A-4C93-99DA-FD04477199B8}"
EndProject
Project("{E53339B2-1760-4266-BCC7-CA923CBCF16C}") = "docker-compose", "docker-compose.dcproj", "{C58AFFFF-4999-4E9B-93CB-8323BE4B27D5}"
EndProject
Project("{9A19103F-16F7-4668-BE54-9A1E7A4F7556}") = "WebApp", "WebApp\WebApp.csproj", "{40D7D489-ABBB-41A1-98D8-90834A4367A5}"
EndProject
Project("{9A19103F-16F7-4668-BE54-9A1E7A4F7556}") = "WebApiDto", "WebApiDto\WebApiDto.csproj", "{921B2DEA-80FB-4CC4-B2AB-3315987F6077}"
EndProject
Project("{9A19103F-16F7-4668-BE54-9A1E7A4F7556}") = "ConfigurationManager", "ConfigurationManager\ConfigurationManager.csproj", "{92469258-EA47-4720-B4AC-80F8336E288C}"
EndProject
Project("{9A19103F-16F7-4668-BE54-9A1E7A4F7556}") = "passiwebapi", "passiwebapi\passiwebapi.csproj", "{4E61609F-17BE-418C-B73D-FF2CBC614FAE}"
EndProject
Project("{9A19103F-16F7-4668-BE54-9A1E7A4F7556}") = "Repos", "Repos\Repos.csproj", "{FDE356E6-F75F-4E03-966C-CF9349BAAC09}"
EndProject
Project("{9A19103F-16F7-4668-BE54-9A1E7A4F7556}") = "Models", "Models\Models.csproj", "{C5676854-536D-433F-8E2C-DBA8F66D7233}"
EndProject
Project("{9A19103F-16F7-4668-BE54-9A1E7A4F7556}") = "Services", "Services\Services.csproj", "{958878CE-9667-4CD2-AF5D-98FFD66FABC6}"
EndProject
Project("{9A19103F-16F7-4668-BE54-9A1E7A4F7556}") = "AppConfig", "AppConfig\AppConfig.csproj", "{979DE31F-8588-4D00-B1EE-669A5B92C68D}"
EndProject
Project("{9A19103F-16F7-4668-BE54-9A1E7A4F7556}") = "OpenIdLib", "OpenIdLib\OpenIdLib.csproj", "{8A11A37B-FF68-4E2E-AE87-E48A82E89AA8}"
EndProject
Project("{2150E333-8FDC-42A3-9474-1A3956D46DE8}") = "Identity", "Identity", "{7D52DEE1-60BD-407F-9195-85746CAB7BB8}"
EndProject
Project("{9A19103F-16F7-4668-BE54-9A1E7A4F7556}") = "IdentityServer4", "Identity\Identity4\IdentityServer4.csproj", "{B145F55F-E991-4EDA-9745-93496DF62199}"
EndProject
Project("{9A19103F-16F7-4668-BE54-9A1E7A4F7556}") = "IdentityModel", "Identity\IdentityModel\IdentityModel.csproj", "{148A5EEB-0992-4D40-91EA-95B5E472F0F7}"
EndProject
Project("{9A19103F-16F7-4668-BE54-9A1E7A4F7556}") = "IdentityServer4.EntityFramework", "Identity\IdentityServer4.EntityFramework\IdentityServer4.EntityFramework.csproj", "{1AE3C46B-9010-4E7E-A5F3-47E43DFB34DF}"
EndProject
Project("{9A19103F-16F7-4668-BE54-9A1E7A4F7556}") = "IdentityServer4.EntityFramework.Storage", "Identity\IdentityServer4.EntityFramework.Storage\IdentityServer4.EntityFramework.Storage.csproj", "{3BA3E0D6-662E-4207-AF44-06F7E448DB35}"
EndProject
Project("{9A19103F-16F7-4668-BE54-9A1E7A4F7556}") = "IdentityServer4.Storage", "Identity\IdentityServer4.Storage\IdentityServer4.Storage.csproj", "{22D091B9-1915-400E-B54E-131482619CDD}"
EndProject
Project("{2150E333-8FDC-42A3-9474-1A3956D46DE8}") = "identitytests", "identitytests", "{CB8FB2D8-7383-4CD8-A023-F26FA72F058F}"
EndProject
Project("{9A19103F-16F7-4668-BE54-9A1E7A4F7556}") = "IdentityServer.IntegrationTests", "Identity\test\IdentityServer.IntegrationTests\IdentityServer.IntegrationTests.csproj", "{E16BFCE9-D3A4-417B-A1DC-ABEA24B27F4F}"
EndProject
Project("{9A19103F-16F7-4668-BE54-9A1E7A4F7556}") = "IdentityServer.UnitTests", "Identity\test\IdentityServer.UnitTests\IdentityServer.UnitTests.csproj", "{019FB34C-BD98-4245-9FFD-58EFCA293315}"
EndProject
Project("{9A19103F-16F7-4668-BE54-9A1E7A4F7556}") = "IdentityServer4.EntityFramework.Tests", "Identity\test\IdentityServer4.EntityFramework.Tests\IdentityServer4.EntityFramework.Tests.csproj", "{516F72CA-45B2-44D3-8F86-4C9D1DB3A945}"
EndProject
Project("{9A19103F-16F7-4668-BE54-9A1E7A4F7556}") = "IdentityServer4.EntityFramework.IntegrationTests", "Identity\test\IntegrationTests\IdentityServer4.EntityFramework.IntegrationTests.csproj", "{6F7A4103-D25F-44F8-B964-DB987A6F3585}"
EndProject
Project("{9A19103F-16F7-4668-BE54-9A1E7A4F7556}") = "UnitTests", "Identity\test\ModelUnitTests\UnitTests.csproj", "{58FA6B4B-AB31-4791-B131-FC92AAFBF9BE}"
EndProject
Project("{9A19103F-16F7-4668-BE54-9A1E7A4F7556}") = "IdentityServer4.EntityFramework.UnitTests", "Identity\test\UnitTests\IdentityServer4.EntityFramework.UnitTests.csproj", "{C698D61F-F4F6-4996-A3E7-88A7BD4BB983}"
EndProject
Global
	GlobalSection(SolutionConfigurationPlatforms) = preSolution
		Debug|Any CPU = Debug|Any CPU
		Debug|iPhone = Debug|iPhone
		Debug|iPhoneSimulator = Debug|iPhoneSimulator
		Release|Any CPU = Release|Any CPU
		Release|iPhone = Release|iPhone
		Release|iPhoneSimulator = Release|iPhoneSimulator
	EndGlobalSection
	GlobalSection(ProjectConfigurationPlatforms) = postSolution
		{FAA476F3-A160-4A65-8CA7-5BF4CB020B5E}.Debug|Any CPU.ActiveCfg = Debug|Any CPU
		{FAA476F3-A160-4A65-8CA7-5BF4CB020B5E}.Debug|Any CPU.Build.0 = Debug|Any CPU
		{FAA476F3-A160-4A65-8CA7-5BF4CB020B5E}.Debug|iPhone.ActiveCfg = Debug|Any CPU
		{FAA476F3-A160-4A65-8CA7-5BF4CB020B5E}.Debug|iPhone.Build.0 = Debug|Any CPU
		{FAA476F3-A160-4A65-8CA7-5BF4CB020B5E}.Debug|iPhoneSimulator.ActiveCfg = Debug|Any CPU
		{FAA476F3-A160-4A65-8CA7-5BF4CB020B5E}.Debug|iPhoneSimulator.Build.0 = Debug|Any CPU
		{FAA476F3-A160-4A65-8CA7-5BF4CB020B5E}.Release|Any CPU.ActiveCfg = Release|Any CPU
		{FAA476F3-A160-4A65-8CA7-5BF4CB020B5E}.Release|Any CPU.Build.0 = Release|Any CPU
		{FAA476F3-A160-4A65-8CA7-5BF4CB020B5E}.Release|iPhone.ActiveCfg = Release|Any CPU
		{FAA476F3-A160-4A65-8CA7-5BF4CB020B5E}.Release|iPhone.Build.0 = Release|Any CPU
		{FAA476F3-A160-4A65-8CA7-5BF4CB020B5E}.Release|iPhoneSimulator.ActiveCfg = Release|Any CPU
		{FAA476F3-A160-4A65-8CA7-5BF4CB020B5E}.Release|iPhoneSimulator.Build.0 = Release|Any CPU
		{8EE5C629-F800-44A1-BDD1-7267B239E6AA}.Debug|Any CPU.ActiveCfg = Debug|Any CPU
		{8EE5C629-F800-44A1-BDD1-7267B239E6AA}.Debug|Any CPU.Build.0 = Debug|Any CPU
		{8EE5C629-F800-44A1-BDD1-7267B239E6AA}.Debug|iPhone.ActiveCfg = Debug|Any CPU
		{8EE5C629-F800-44A1-BDD1-7267B239E6AA}.Debug|iPhone.Build.0 = Debug|Any CPU
		{8EE5C629-F800-44A1-BDD1-7267B239E6AA}.Debug|iPhoneSimulator.ActiveCfg = Debug|Any CPU
		{8EE5C629-F800-44A1-BDD1-7267B239E6AA}.Debug|iPhoneSimulator.Build.0 = Debug|Any CPU
		{8EE5C629-F800-44A1-BDD1-7267B239E6AA}.Release|Any CPU.ActiveCfg = Release|Any CPU
		{8EE5C629-F800-44A1-BDD1-7267B239E6AA}.Release|Any CPU.Build.0 = Release|Any CPU
		{8EE5C629-F800-44A1-BDD1-7267B239E6AA}.Release|iPhone.ActiveCfg = Release|Any CPU
		{8EE5C629-F800-44A1-BDD1-7267B239E6AA}.Release|iPhone.Build.0 = Release|Any CPU
		{8EE5C629-F800-44A1-BDD1-7267B239E6AA}.Release|iPhoneSimulator.ActiveCfg = Release|Any CPU
		{8EE5C629-F800-44A1-BDD1-7267B239E6AA}.Release|iPhoneSimulator.Build.0 = Release|Any CPU
		{F51855D6-39C6-4014-BE0D-0D98A3522D13}.Debug|Any CPU.ActiveCfg = Debug|Any CPU
		{F51855D6-39C6-4014-BE0D-0D98A3522D13}.Debug|Any CPU.Build.0 = Debug|Any CPU
		{F51855D6-39C6-4014-BE0D-0D98A3522D13}.Debug|iPhone.ActiveCfg = Debug|Any CPU
		{F51855D6-39C6-4014-BE0D-0D98A3522D13}.Debug|iPhone.Build.0 = Debug|Any CPU
		{F51855D6-39C6-4014-BE0D-0D98A3522D13}.Debug|iPhoneSimulator.ActiveCfg = Debug|Any CPU
		{F51855D6-39C6-4014-BE0D-0D98A3522D13}.Debug|iPhoneSimulator.Build.0 = Debug|Any CPU
		{F51855D6-39C6-4014-BE0D-0D98A3522D13}.Release|Any CPU.ActiveCfg = Release|Any CPU
		{F51855D6-39C6-4014-BE0D-0D98A3522D13}.Release|Any CPU.Build.0 = Release|Any CPU
		{F51855D6-39C6-4014-BE0D-0D98A3522D13}.Release|iPhone.ActiveCfg = Release|Any CPU
		{F51855D6-39C6-4014-BE0D-0D98A3522D13}.Release|iPhone.Build.0 = Release|Any CPU
		{F51855D6-39C6-4014-BE0D-0D98A3522D13}.Release|iPhoneSimulator.ActiveCfg = Release|Any CPU
		{F51855D6-39C6-4014-BE0D-0D98A3522D13}.Release|iPhoneSimulator.Build.0 = Release|Any CPU
		{F4330852-8F2D-43E9-9EAF-6A60809F9539}.Debug|Any CPU.ActiveCfg = Debug|Any CPU
		{F4330852-8F2D-43E9-9EAF-6A60809F9539}.Debug|Any CPU.Build.0 = Debug|Any CPU
		{F4330852-8F2D-43E9-9EAF-6A60809F9539}.Debug|iPhone.ActiveCfg = Debug|Any CPU
		{F4330852-8F2D-43E9-9EAF-6A60809F9539}.Debug|iPhone.Build.0 = Debug|Any CPU
		{F4330852-8F2D-43E9-9EAF-6A60809F9539}.Debug|iPhoneSimulator.ActiveCfg = Debug|Any CPU
		{F4330852-8F2D-43E9-9EAF-6A60809F9539}.Debug|iPhoneSimulator.Build.0 = Debug|Any CPU
		{F4330852-8F2D-43E9-9EAF-6A60809F9539}.Release|Any CPU.ActiveCfg = Release|Any CPU
		{F4330852-8F2D-43E9-9EAF-6A60809F9539}.Release|Any CPU.Build.0 = Release|Any CPU
		{F4330852-8F2D-43E9-9EAF-6A60809F9539}.Release|iPhone.ActiveCfg = Release|Any CPU
		{F4330852-8F2D-43E9-9EAF-6A60809F9539}.Release|iPhone.Build.0 = Release|Any CPU
		{F4330852-8F2D-43E9-9EAF-6A60809F9539}.Release|iPhoneSimulator.ActiveCfg = Release|Any CPU
		{F4330852-8F2D-43E9-9EAF-6A60809F9539}.Release|iPhoneSimulator.Build.0 = Release|Any CPU
		{C58AFFFF-4999-4E9B-93CB-8323BE4B27D5}.Debug|Any CPU.ActiveCfg = Debug|Any CPU
		{C58AFFFF-4999-4E9B-93CB-8323BE4B27D5}.Debug|Any CPU.Build.0 = Debug|Any CPU
		{C58AFFFF-4999-4E9B-93CB-8323BE4B27D5}.Debug|iPhone.ActiveCfg = Debug|Any CPU
		{C58AFFFF-4999-4E9B-93CB-8323BE4B27D5}.Debug|iPhone.Build.0 = Debug|Any CPU
		{C58AFFFF-4999-4E9B-93CB-8323BE4B27D5}.Debug|iPhoneSimulator.ActiveCfg = Debug|Any CPU
		{C58AFFFF-4999-4E9B-93CB-8323BE4B27D5}.Debug|iPhoneSimulator.Build.0 = Debug|Any CPU
		{C58AFFFF-4999-4E9B-93CB-8323BE4B27D5}.Release|Any CPU.ActiveCfg = Release|Any CPU
		{C58AFFFF-4999-4E9B-93CB-8323BE4B27D5}.Release|Any CPU.Build.0 = Release|Any CPU
		{C58AFFFF-4999-4E9B-93CB-8323BE4B27D5}.Release|iPhone.ActiveCfg = Release|Any CPU
		{C58AFFFF-4999-4E9B-93CB-8323BE4B27D5}.Release|iPhone.Build.0 = Release|Any CPU
		{C58AFFFF-4999-4E9B-93CB-8323BE4B27D5}.Release|iPhoneSimulator.ActiveCfg = Release|Any CPU
		{C58AFFFF-4999-4E9B-93CB-8323BE4B27D5}.Release|iPhoneSimulator.Build.0 = Release|Any CPU
		{40D7D489-ABBB-41A1-98D8-90834A4367A5}.Debug|Any CPU.ActiveCfg = Debug|Any CPU
		{40D7D489-ABBB-41A1-98D8-90834A4367A5}.Debug|Any CPU.Build.0 = Debug|Any CPU
		{40D7D489-ABBB-41A1-98D8-90834A4367A5}.Debug|iPhone.ActiveCfg = Debug|Any CPU
		{40D7D489-ABBB-41A1-98D8-90834A4367A5}.Debug|iPhone.Build.0 = Debug|Any CPU
		{40D7D489-ABBB-41A1-98D8-90834A4367A5}.Debug|iPhoneSimulator.ActiveCfg = Debug|Any CPU
		{40D7D489-ABBB-41A1-98D8-90834A4367A5}.Debug|iPhoneSimulator.Build.0 = Debug|Any CPU
		{40D7D489-ABBB-41A1-98D8-90834A4367A5}.Release|Any CPU.ActiveCfg = Release|Any CPU
		{40D7D489-ABBB-41A1-98D8-90834A4367A5}.Release|Any CPU.Build.0 = Release|Any CPU
		{40D7D489-ABBB-41A1-98D8-90834A4367A5}.Release|iPhone.ActiveCfg = Release|Any CPU
		{40D7D489-ABBB-41A1-98D8-90834A4367A5}.Release|iPhone.Build.0 = Release|Any CPU
		{40D7D489-ABBB-41A1-98D8-90834A4367A5}.Release|iPhoneSimulator.ActiveCfg = Release|Any CPU
		{40D7D489-ABBB-41A1-98D8-90834A4367A5}.Release|iPhoneSimulator.Build.0 = Release|Any CPU
		{921B2DEA-80FB-4CC4-B2AB-3315987F6077}.Debug|Any CPU.ActiveCfg = Debug|Any CPU
		{921B2DEA-80FB-4CC4-B2AB-3315987F6077}.Debug|Any CPU.Build.0 = Debug|Any CPU
		{921B2DEA-80FB-4CC4-B2AB-3315987F6077}.Debug|iPhone.ActiveCfg = Debug|Any CPU
		{921B2DEA-80FB-4CC4-B2AB-3315987F6077}.Debug|iPhone.Build.0 = Debug|Any CPU
		{921B2DEA-80FB-4CC4-B2AB-3315987F6077}.Debug|iPhoneSimulator.ActiveCfg = Debug|Any CPU
		{921B2DEA-80FB-4CC4-B2AB-3315987F6077}.Debug|iPhoneSimulator.Build.0 = Debug|Any CPU
		{921B2DEA-80FB-4CC4-B2AB-3315987F6077}.Release|Any CPU.ActiveCfg = Release|Any CPU
		{921B2DEA-80FB-4CC4-B2AB-3315987F6077}.Release|Any CPU.Build.0 = Release|Any CPU
		{921B2DEA-80FB-4CC4-B2AB-3315987F6077}.Release|iPhone.ActiveCfg = Release|Any CPU
		{921B2DEA-80FB-4CC4-B2AB-3315987F6077}.Release|iPhone.Build.0 = Release|Any CPU
		{921B2DEA-80FB-4CC4-B2AB-3315987F6077}.Release|iPhoneSimulator.ActiveCfg = Release|Any CPU
		{921B2DEA-80FB-4CC4-B2AB-3315987F6077}.Release|iPhoneSimulator.Build.0 = Release|Any CPU
		{92469258-EA47-4720-B4AC-80F8336E288C}.Debug|Any CPU.ActiveCfg = Debug|Any CPU
		{92469258-EA47-4720-B4AC-80F8336E288C}.Debug|Any CPU.Build.0 = Debug|Any CPU
		{92469258-EA47-4720-B4AC-80F8336E288C}.Debug|iPhone.ActiveCfg = Debug|Any CPU
		{92469258-EA47-4720-B4AC-80F8336E288C}.Debug|iPhone.Build.0 = Debug|Any CPU
		{92469258-EA47-4720-B4AC-80F8336E288C}.Debug|iPhoneSimulator.ActiveCfg = Debug|Any CPU
		{92469258-EA47-4720-B4AC-80F8336E288C}.Debug|iPhoneSimulator.Build.0 = Debug|Any CPU
		{92469258-EA47-4720-B4AC-80F8336E288C}.Release|Any CPU.ActiveCfg = Release|Any CPU
		{92469258-EA47-4720-B4AC-80F8336E288C}.Release|Any CPU.Build.0 = Release|Any CPU
		{92469258-EA47-4720-B4AC-80F8336E288C}.Release|iPhone.ActiveCfg = Release|Any CPU
		{92469258-EA47-4720-B4AC-80F8336E288C}.Release|iPhone.Build.0 = Release|Any CPU
		{92469258-EA47-4720-B4AC-80F8336E288C}.Release|iPhoneSimulator.ActiveCfg = Release|Any CPU
		{92469258-EA47-4720-B4AC-80F8336E288C}.Release|iPhoneSimulator.Build.0 = Release|Any CPU
		{4E61609F-17BE-418C-B73D-FF2CBC614FAE}.Debug|Any CPU.ActiveCfg = Debug|Any CPU
		{4E61609F-17BE-418C-B73D-FF2CBC614FAE}.Debug|Any CPU.Build.0 = Debug|Any CPU
		{4E61609F-17BE-418C-B73D-FF2CBC614FAE}.Debug|iPhone.ActiveCfg = Debug|Any CPU
		{4E61609F-17BE-418C-B73D-FF2CBC614FAE}.Debug|iPhone.Build.0 = Debug|Any CPU
		{4E61609F-17BE-418C-B73D-FF2CBC614FAE}.Debug|iPhoneSimulator.ActiveCfg = Debug|Any CPU
		{4E61609F-17BE-418C-B73D-FF2CBC614FAE}.Debug|iPhoneSimulator.Build.0 = Debug|Any CPU
		{4E61609F-17BE-418C-B73D-FF2CBC614FAE}.Release|Any CPU.ActiveCfg = Release|Any CPU
		{4E61609F-17BE-418C-B73D-FF2CBC614FAE}.Release|Any CPU.Build.0 = Release|Any CPU
		{4E61609F-17BE-418C-B73D-FF2CBC614FAE}.Release|iPhone.ActiveCfg = Release|Any CPU
		{4E61609F-17BE-418C-B73D-FF2CBC614FAE}.Release|iPhone.Build.0 = Release|Any CPU
		{4E61609F-17BE-418C-B73D-FF2CBC614FAE}.Release|iPhoneSimulator.ActiveCfg = Release|Any CPU
		{4E61609F-17BE-418C-B73D-FF2CBC614FAE}.Release|iPhoneSimulator.Build.0 = Release|Any CPU
		{FDE356E6-F75F-4E03-966C-CF9349BAAC09}.Debug|Any CPU.ActiveCfg = Debug|Any CPU
		{FDE356E6-F75F-4E03-966C-CF9349BAAC09}.Debug|Any CPU.Build.0 = Debug|Any CPU
		{FDE356E6-F75F-4E03-966C-CF9349BAAC09}.Debug|iPhone.ActiveCfg = Debug|Any CPU
		{FDE356E6-F75F-4E03-966C-CF9349BAAC09}.Debug|iPhone.Build.0 = Debug|Any CPU
		{FDE356E6-F75F-4E03-966C-CF9349BAAC09}.Debug|iPhoneSimulator.ActiveCfg = Debug|Any CPU
		{FDE356E6-F75F-4E03-966C-CF9349BAAC09}.Debug|iPhoneSimulator.Build.0 = Debug|Any CPU
		{FDE356E6-F75F-4E03-966C-CF9349BAAC09}.Release|Any CPU.ActiveCfg = Release|Any CPU
		{FDE356E6-F75F-4E03-966C-CF9349BAAC09}.Release|Any CPU.Build.0 = Release|Any CPU
		{FDE356E6-F75F-4E03-966C-CF9349BAAC09}.Release|iPhone.ActiveCfg = Release|Any CPU
		{FDE356E6-F75F-4E03-966C-CF9349BAAC09}.Release|iPhone.Build.0 = Release|Any CPU
		{FDE356E6-F75F-4E03-966C-CF9349BAAC09}.Release|iPhoneSimulator.ActiveCfg = Release|Any CPU
		{FDE356E6-F75F-4E03-966C-CF9349BAAC09}.Release|iPhoneSimulator.Build.0 = Release|Any CPU
		{C5676854-536D-433F-8E2C-DBA8F66D7233}.Debug|Any CPU.ActiveCfg = Debug|Any CPU
		{C5676854-536D-433F-8E2C-DBA8F66D7233}.Debug|Any CPU.Build.0 = Debug|Any CPU
		{C5676854-536D-433F-8E2C-DBA8F66D7233}.Debug|iPhone.ActiveCfg = Debug|Any CPU
		{C5676854-536D-433F-8E2C-DBA8F66D7233}.Debug|iPhone.Build.0 = Debug|Any CPU
		{C5676854-536D-433F-8E2C-DBA8F66D7233}.Debug|iPhoneSimulator.ActiveCfg = Debug|Any CPU
		{C5676854-536D-433F-8E2C-DBA8F66D7233}.Debug|iPhoneSimulator.Build.0 = Debug|Any CPU
		{C5676854-536D-433F-8E2C-DBA8F66D7233}.Release|Any CPU.ActiveCfg = Release|Any CPU
		{C5676854-536D-433F-8E2C-DBA8F66D7233}.Release|Any CPU.Build.0 = Release|Any CPU
		{C5676854-536D-433F-8E2C-DBA8F66D7233}.Release|iPhone.ActiveCfg = Release|Any CPU
		{C5676854-536D-433F-8E2C-DBA8F66D7233}.Release|iPhone.Build.0 = Release|Any CPU
		{C5676854-536D-433F-8E2C-DBA8F66D7233}.Release|iPhoneSimulator.ActiveCfg = Release|Any CPU
		{C5676854-536D-433F-8E2C-DBA8F66D7233}.Release|iPhoneSimulator.Build.0 = Release|Any CPU
		{958878CE-9667-4CD2-AF5D-98FFD66FABC6}.Debug|Any CPU.ActiveCfg = Debug|Any CPU
		{958878CE-9667-4CD2-AF5D-98FFD66FABC6}.Debug|Any CPU.Build.0 = Debug|Any CPU
		{958878CE-9667-4CD2-AF5D-98FFD66FABC6}.Debug|iPhone.ActiveCfg = Debug|Any CPU
		{958878CE-9667-4CD2-AF5D-98FFD66FABC6}.Debug|iPhone.Build.0 = Debug|Any CPU
		{958878CE-9667-4CD2-AF5D-98FFD66FABC6}.Debug|iPhoneSimulator.ActiveCfg = Debug|Any CPU
		{958878CE-9667-4CD2-AF5D-98FFD66FABC6}.Debug|iPhoneSimulator.Build.0 = Debug|Any CPU
		{958878CE-9667-4CD2-AF5D-98FFD66FABC6}.Release|Any CPU.ActiveCfg = Release|Any CPU
		{958878CE-9667-4CD2-AF5D-98FFD66FABC6}.Release|Any CPU.Build.0 = Release|Any CPU
		{958878CE-9667-4CD2-AF5D-98FFD66FABC6}.Release|iPhone.ActiveCfg = Release|Any CPU
		{958878CE-9667-4CD2-AF5D-98FFD66FABC6}.Release|iPhone.Build.0 = Release|Any CPU
		{958878CE-9667-4CD2-AF5D-98FFD66FABC6}.Release|iPhoneSimulator.ActiveCfg = Release|Any CPU
		{958878CE-9667-4CD2-AF5D-98FFD66FABC6}.Release|iPhoneSimulator.Build.0 = Release|Any CPU
		{979DE31F-8588-4D00-B1EE-669A5B92C68D}.Debug|Any CPU.ActiveCfg = Debug|Any CPU
		{979DE31F-8588-4D00-B1EE-669A5B92C68D}.Debug|Any CPU.Build.0 = Debug|Any CPU
		{979DE31F-8588-4D00-B1EE-669A5B92C68D}.Debug|iPhone.ActiveCfg = Debug|Any CPU
		{979DE31F-8588-4D00-B1EE-669A5B92C68D}.Debug|iPhone.Build.0 = Debug|Any CPU
		{979DE31F-8588-4D00-B1EE-669A5B92C68D}.Debug|iPhoneSimulator.ActiveCfg = Debug|Any CPU
		{979DE31F-8588-4D00-B1EE-669A5B92C68D}.Debug|iPhoneSimulator.Build.0 = Debug|Any CPU
		{979DE31F-8588-4D00-B1EE-669A5B92C68D}.Release|Any CPU.ActiveCfg = Release|Any CPU
		{979DE31F-8588-4D00-B1EE-669A5B92C68D}.Release|Any CPU.Build.0 = Release|Any CPU
		{979DE31F-8588-4D00-B1EE-669A5B92C68D}.Release|iPhone.ActiveCfg = Release|Any CPU
		{979DE31F-8588-4D00-B1EE-669A5B92C68D}.Release|iPhone.Build.0 = Release|Any CPU
		{979DE31F-8588-4D00-B1EE-669A5B92C68D}.Release|iPhoneSimulator.ActiveCfg = Release|Any CPU
		{979DE31F-8588-4D00-B1EE-669A5B92C68D}.Release|iPhoneSimulator.Build.0 = Release|Any CPU
		{8A11A37B-FF68-4E2E-AE87-E48A82E89AA8}.Debug|Any CPU.ActiveCfg = Debug|Any CPU
		{8A11A37B-FF68-4E2E-AE87-E48A82E89AA8}.Debug|Any CPU.Build.0 = Debug|Any CPU
		{8A11A37B-FF68-4E2E-AE87-E48A82E89AA8}.Debug|iPhone.ActiveCfg = Debug|Any CPU
		{8A11A37B-FF68-4E2E-AE87-E48A82E89AA8}.Debug|iPhone.Build.0 = Debug|Any CPU
		{8A11A37B-FF68-4E2E-AE87-E48A82E89AA8}.Debug|iPhoneSimulator.ActiveCfg = Debug|Any CPU
		{8A11A37B-FF68-4E2E-AE87-E48A82E89AA8}.Debug|iPhoneSimulator.Build.0 = Debug|Any CPU
		{8A11A37B-FF68-4E2E-AE87-E48A82E89AA8}.Release|Any CPU.ActiveCfg = Release|Any CPU
		{8A11A37B-FF68-4E2E-AE87-E48A82E89AA8}.Release|Any CPU.Build.0 = Release|Any CPU
		{8A11A37B-FF68-4E2E-AE87-E48A82E89AA8}.Release|iPhone.ActiveCfg = Release|Any CPU
		{8A11A37B-FF68-4E2E-AE87-E48A82E89AA8}.Release|iPhone.Build.0 = Release|Any CPU
		{8A11A37B-FF68-4E2E-AE87-E48A82E89AA8}.Release|iPhoneSimulator.ActiveCfg = Release|Any CPU
		{8A11A37B-FF68-4E2E-AE87-E48A82E89AA8}.Release|iPhoneSimulator.Build.0 = Release|Any CPU
		{B145F55F-E991-4EDA-9745-93496DF62199}.Debug|Any CPU.ActiveCfg = Debug|Any CPU
		{B145F55F-E991-4EDA-9745-93496DF62199}.Debug|Any CPU.Build.0 = Debug|Any CPU
		{B145F55F-E991-4EDA-9745-93496DF62199}.Debug|iPhone.ActiveCfg = Debug|Any CPU
		{B145F55F-E991-4EDA-9745-93496DF62199}.Debug|iPhone.Build.0 = Debug|Any CPU
		{B145F55F-E991-4EDA-9745-93496DF62199}.Debug|iPhoneSimulator.ActiveCfg = Debug|Any CPU
		{B145F55F-E991-4EDA-9745-93496DF62199}.Debug|iPhoneSimulator.Build.0 = Debug|Any CPU
		{B145F55F-E991-4EDA-9745-93496DF62199}.Release|Any CPU.ActiveCfg = Release|Any CPU
		{B145F55F-E991-4EDA-9745-93496DF62199}.Release|Any CPU.Build.0 = Release|Any CPU
		{B145F55F-E991-4EDA-9745-93496DF62199}.Release|iPhone.ActiveCfg = Release|Any CPU
		{B145F55F-E991-4EDA-9745-93496DF62199}.Release|iPhone.Build.0 = Release|Any CPU
		{B145F55F-E991-4EDA-9745-93496DF62199}.Release|iPhoneSimulator.ActiveCfg = Release|Any CPU
		{B145F55F-E991-4EDA-9745-93496DF62199}.Release|iPhoneSimulator.Build.0 = Release|Any CPU
		{148A5EEB-0992-4D40-91EA-95B5E472F0F7}.Debug|Any CPU.ActiveCfg = Debug|Any CPU
		{148A5EEB-0992-4D40-91EA-95B5E472F0F7}.Debug|Any CPU.Build.0 = Debug|Any CPU
		{148A5EEB-0992-4D40-91EA-95B5E472F0F7}.Debug|iPhone.ActiveCfg = Debug|Any CPU
		{148A5EEB-0992-4D40-91EA-95B5E472F0F7}.Debug|iPhone.Build.0 = Debug|Any CPU
		{148A5EEB-0992-4D40-91EA-95B5E472F0F7}.Debug|iPhoneSimulator.ActiveCfg = Debug|Any CPU
		{148A5EEB-0992-4D40-91EA-95B5E472F0F7}.Debug|iPhoneSimulator.Build.0 = Debug|Any CPU
		{148A5EEB-0992-4D40-91EA-95B5E472F0F7}.Release|Any CPU.ActiveCfg = Release|Any CPU
		{148A5EEB-0992-4D40-91EA-95B5E472F0F7}.Release|Any CPU.Build.0 = Release|Any CPU
		{148A5EEB-0992-4D40-91EA-95B5E472F0F7}.Release|iPhone.ActiveCfg = Release|Any CPU
		{148A5EEB-0992-4D40-91EA-95B5E472F0F7}.Release|iPhone.Build.0 = Release|Any CPU
		{148A5EEB-0992-4D40-91EA-95B5E472F0F7}.Release|iPhoneSimulator.ActiveCfg = Release|Any CPU
		{148A5EEB-0992-4D40-91EA-95B5E472F0F7}.Release|iPhoneSimulator.Build.0 = Release|Any CPU
		{1AE3C46B-9010-4E7E-A5F3-47E43DFB34DF}.Debug|Any CPU.ActiveCfg = Debug|Any CPU
		{1AE3C46B-9010-4E7E-A5F3-47E43DFB34DF}.Debug|Any CPU.Build.0 = Debug|Any CPU
		{1AE3C46B-9010-4E7E-A5F3-47E43DFB34DF}.Debug|iPhone.ActiveCfg = Debug|Any CPU
		{1AE3C46B-9010-4E7E-A5F3-47E43DFB34DF}.Debug|iPhone.Build.0 = Debug|Any CPU
		{1AE3C46B-9010-4E7E-A5F3-47E43DFB34DF}.Debug|iPhoneSimulator.ActiveCfg = Debug|Any CPU
		{1AE3C46B-9010-4E7E-A5F3-47E43DFB34DF}.Debug|iPhoneSimulator.Build.0 = Debug|Any CPU
		{1AE3C46B-9010-4E7E-A5F3-47E43DFB34DF}.Release|Any CPU.ActiveCfg = Release|Any CPU
		{1AE3C46B-9010-4E7E-A5F3-47E43DFB34DF}.Release|Any CPU.Build.0 = Release|Any CPU
		{1AE3C46B-9010-4E7E-A5F3-47E43DFB34DF}.Release|iPhone.ActiveCfg = Release|Any CPU
		{1AE3C46B-9010-4E7E-A5F3-47E43DFB34DF}.Release|iPhone.Build.0 = Release|Any CPU
		{1AE3C46B-9010-4E7E-A5F3-47E43DFB34DF}.Release|iPhoneSimulator.ActiveCfg = Release|Any CPU
		{1AE3C46B-9010-4E7E-A5F3-47E43DFB34DF}.Release|iPhoneSimulator.Build.0 = Release|Any CPU
		{3BA3E0D6-662E-4207-AF44-06F7E448DB35}.Debug|Any CPU.ActiveCfg = Debug|Any CPU
		{3BA3E0D6-662E-4207-AF44-06F7E448DB35}.Debug|Any CPU.Build.0 = Debug|Any CPU
		{3BA3E0D6-662E-4207-AF44-06F7E448DB35}.Debug|iPhone.ActiveCfg = Debug|Any CPU
		{3BA3E0D6-662E-4207-AF44-06F7E448DB35}.Debug|iPhone.Build.0 = Debug|Any CPU
		{3BA3E0D6-662E-4207-AF44-06F7E448DB35}.Debug|iPhoneSimulator.ActiveCfg = Debug|Any CPU
		{3BA3E0D6-662E-4207-AF44-06F7E448DB35}.Debug|iPhoneSimulator.Build.0 = Debug|Any CPU
		{3BA3E0D6-662E-4207-AF44-06F7E448DB35}.Release|Any CPU.ActiveCfg = Release|Any CPU
		{3BA3E0D6-662E-4207-AF44-06F7E448DB35}.Release|Any CPU.Build.0 = Release|Any CPU
		{3BA3E0D6-662E-4207-AF44-06F7E448DB35}.Release|iPhone.ActiveCfg = Release|Any CPU
		{3BA3E0D6-662E-4207-AF44-06F7E448DB35}.Release|iPhone.Build.0 = Release|Any CPU
		{3BA3E0D6-662E-4207-AF44-06F7E448DB35}.Release|iPhoneSimulator.ActiveCfg = Release|Any CPU
		{3BA3E0D6-662E-4207-AF44-06F7E448DB35}.Release|iPhoneSimulator.Build.0 = Release|Any CPU
		{22D091B9-1915-400E-B54E-131482619CDD}.Debug|Any CPU.ActiveCfg = Debug|Any CPU
		{22D091B9-1915-400E-B54E-131482619CDD}.Debug|Any CPU.Build.0 = Debug|Any CPU
		{22D091B9-1915-400E-B54E-131482619CDD}.Debug|iPhone.ActiveCfg = Debug|Any CPU
		{22D091B9-1915-400E-B54E-131482619CDD}.Debug|iPhone.Build.0 = Debug|Any CPU
		{22D091B9-1915-400E-B54E-131482619CDD}.Debug|iPhoneSimulator.ActiveCfg = Debug|Any CPU
		{22D091B9-1915-400E-B54E-131482619CDD}.Debug|iPhoneSimulator.Build.0 = Debug|Any CPU
		{22D091B9-1915-400E-B54E-131482619CDD}.Release|Any CPU.ActiveCfg = Release|Any CPU
		{22D091B9-1915-400E-B54E-131482619CDD}.Release|Any CPU.Build.0 = Release|Any CPU
		{22D091B9-1915-400E-B54E-131482619CDD}.Release|iPhone.ActiveCfg = Release|Any CPU
		{22D091B9-1915-400E-B54E-131482619CDD}.Release|iPhone.Build.0 = Release|Any CPU
		{22D091B9-1915-400E-B54E-131482619CDD}.Release|iPhoneSimulator.ActiveCfg = Release|Any CPU
		{22D091B9-1915-400E-B54E-131482619CDD}.Release|iPhoneSimulator.Build.0 = Release|Any CPU
		{E16BFCE9-D3A4-417B-A1DC-ABEA24B27F4F}.Debug|Any CPU.ActiveCfg = Debug|Any CPU
		{E16BFCE9-D3A4-417B-A1DC-ABEA24B27F4F}.Debug|Any CPU.Build.0 = Debug|Any CPU
		{E16BFCE9-D3A4-417B-A1DC-ABEA24B27F4F}.Debug|iPhone.ActiveCfg = Debug|Any CPU
		{E16BFCE9-D3A4-417B-A1DC-ABEA24B27F4F}.Debug|iPhone.Build.0 = Debug|Any CPU
		{E16BFCE9-D3A4-417B-A1DC-ABEA24B27F4F}.Debug|iPhoneSimulator.ActiveCfg = Debug|Any CPU
		{E16BFCE9-D3A4-417B-A1DC-ABEA24B27F4F}.Debug|iPhoneSimulator.Build.0 = Debug|Any CPU
		{E16BFCE9-D3A4-417B-A1DC-ABEA24B27F4F}.Release|Any CPU.ActiveCfg = Release|Any CPU
		{E16BFCE9-D3A4-417B-A1DC-ABEA24B27F4F}.Release|Any CPU.Build.0 = Release|Any CPU
		{E16BFCE9-D3A4-417B-A1DC-ABEA24B27F4F}.Release|iPhone.ActiveCfg = Release|Any CPU
		{E16BFCE9-D3A4-417B-A1DC-ABEA24B27F4F}.Release|iPhone.Build.0 = Release|Any CPU
		{E16BFCE9-D3A4-417B-A1DC-ABEA24B27F4F}.Release|iPhoneSimulator.ActiveCfg = Release|Any CPU
		{E16BFCE9-D3A4-417B-A1DC-ABEA24B27F4F}.Release|iPhoneSimulator.Build.0 = Release|Any CPU
		{019FB34C-BD98-4245-9FFD-58EFCA293315}.Debug|Any CPU.ActiveCfg = Debug|Any CPU
		{019FB34C-BD98-4245-9FFD-58EFCA293315}.Debug|Any CPU.Build.0 = Debug|Any CPU
		{019FB34C-BD98-4245-9FFD-58EFCA293315}.Debug|iPhone.ActiveCfg = Debug|Any CPU
		{019FB34C-BD98-4245-9FFD-58EFCA293315}.Debug|iPhone.Build.0 = Debug|Any CPU
		{019FB34C-BD98-4245-9FFD-58EFCA293315}.Debug|iPhoneSimulator.ActiveCfg = Debug|Any CPU
		{019FB34C-BD98-4245-9FFD-58EFCA293315}.Debug|iPhoneSimulator.Build.0 = Debug|Any CPU
		{019FB34C-BD98-4245-9FFD-58EFCA293315}.Release|Any CPU.ActiveCfg = Release|Any CPU
		{019FB34C-BD98-4245-9FFD-58EFCA293315}.Release|Any CPU.Build.0 = Release|Any CPU
		{019FB34C-BD98-4245-9FFD-58EFCA293315}.Release|iPhone.ActiveCfg = Release|Any CPU
		{019FB34C-BD98-4245-9FFD-58EFCA293315}.Release|iPhone.Build.0 = Release|Any CPU
		{019FB34C-BD98-4245-9FFD-58EFCA293315}.Release|iPhoneSimulator.ActiveCfg = Release|Any CPU
		{019FB34C-BD98-4245-9FFD-58EFCA293315}.Release|iPhoneSimulator.Build.0 = Release|Any CPU
		{516F72CA-45B2-44D3-8F86-4C9D1DB3A945}.Debug|Any CPU.ActiveCfg = Debug|Any CPU
		{516F72CA-45B2-44D3-8F86-4C9D1DB3A945}.Debug|Any CPU.Build.0 = Debug|Any CPU
		{516F72CA-45B2-44D3-8F86-4C9D1DB3A945}.Debug|iPhone.ActiveCfg = Debug|Any CPU
		{516F72CA-45B2-44D3-8F86-4C9D1DB3A945}.Debug|iPhone.Build.0 = Debug|Any CPU
		{516F72CA-45B2-44D3-8F86-4C9D1DB3A945}.Debug|iPhoneSimulator.ActiveCfg = Debug|Any CPU
		{516F72CA-45B2-44D3-8F86-4C9D1DB3A945}.Debug|iPhoneSimulator.Build.0 = Debug|Any CPU
		{516F72CA-45B2-44D3-8F86-4C9D1DB3A945}.Release|Any CPU.ActiveCfg = Release|Any CPU
		{516F72CA-45B2-44D3-8F86-4C9D1DB3A945}.Release|Any CPU.Build.0 = Release|Any CPU
		{516F72CA-45B2-44D3-8F86-4C9D1DB3A945}.Release|iPhone.ActiveCfg = Release|Any CPU
		{516F72CA-45B2-44D3-8F86-4C9D1DB3A945}.Release|iPhone.Build.0 = Release|Any CPU
		{516F72CA-45B2-44D3-8F86-4C9D1DB3A945}.Release|iPhoneSimulator.ActiveCfg = Release|Any CPU
		{516F72CA-45B2-44D3-8F86-4C9D1DB3A945}.Release|iPhoneSimulator.Build.0 = Release|Any CPU
		{6F7A4103-D25F-44F8-B964-DB987A6F3585}.Debug|Any CPU.ActiveCfg = Debug|Any CPU
		{6F7A4103-D25F-44F8-B964-DB987A6F3585}.Debug|Any CPU.Build.0 = Debug|Any CPU
		{6F7A4103-D25F-44F8-B964-DB987A6F3585}.Debug|iPhone.ActiveCfg = Debug|Any CPU
		{6F7A4103-D25F-44F8-B964-DB987A6F3585}.Debug|iPhone.Build.0 = Debug|Any CPU
		{6F7A4103-D25F-44F8-B964-DB987A6F3585}.Debug|iPhoneSimulator.ActiveCfg = Debug|Any CPU
		{6F7A4103-D25F-44F8-B964-DB987A6F3585}.Debug|iPhoneSimulator.Build.0 = Debug|Any CPU
		{6F7A4103-D25F-44F8-B964-DB987A6F3585}.Release|Any CPU.ActiveCfg = Release|Any CPU
		{6F7A4103-D25F-44F8-B964-DB987A6F3585}.Release|Any CPU.Build.0 = Release|Any CPU
		{6F7A4103-D25F-44F8-B964-DB987A6F3585}.Release|iPhone.ActiveCfg = Release|Any CPU
		{6F7A4103-D25F-44F8-B964-DB987A6F3585}.Release|iPhone.Build.0 = Release|Any CPU
		{6F7A4103-D25F-44F8-B964-DB987A6F3585}.Release|iPhoneSimulator.ActiveCfg = Release|Any CPU
		{6F7A4103-D25F-44F8-B964-DB987A6F3585}.Release|iPhoneSimulator.Build.0 = Release|Any CPU
		{58FA6B4B-AB31-4791-B131-FC92AAFBF9BE}.Debug|Any CPU.ActiveCfg = Debug|Any CPU
		{58FA6B4B-AB31-4791-B131-FC92AAFBF9BE}.Debug|Any CPU.Build.0 = Debug|Any CPU
		{58FA6B4B-AB31-4791-B131-FC92AAFBF9BE}.Debug|iPhone.ActiveCfg = Debug|Any CPU
		{58FA6B4B-AB31-4791-B131-FC92AAFBF9BE}.Debug|iPhone.Build.0 = Debug|Any CPU
		{58FA6B4B-AB31-4791-B131-FC92AAFBF9BE}.Debug|iPhoneSimulator.ActiveCfg = Debug|Any CPU
		{58FA6B4B-AB31-4791-B131-FC92AAFBF9BE}.Debug|iPhoneSimulator.Build.0 = Debug|Any CPU
		{58FA6B4B-AB31-4791-B131-FC92AAFBF9BE}.Release|Any CPU.ActiveCfg = Release|Any CPU
		{58FA6B4B-AB31-4791-B131-FC92AAFBF9BE}.Release|Any CPU.Build.0 = Release|Any CPU
		{58FA6B4B-AB31-4791-B131-FC92AAFBF9BE}.Release|iPhone.ActiveCfg = Release|Any CPU
		{58FA6B4B-AB31-4791-B131-FC92AAFBF9BE}.Release|iPhone.Build.0 = Release|Any CPU
		{58FA6B4B-AB31-4791-B131-FC92AAFBF9BE}.Release|iPhoneSimulator.ActiveCfg = Release|Any CPU
		{58FA6B4B-AB31-4791-B131-FC92AAFBF9BE}.Release|iPhoneSimulator.Build.0 = Release|Any CPU
		{C698D61F-F4F6-4996-A3E7-88A7BD4BB983}.Debug|Any CPU.ActiveCfg = Debug|Any CPU
		{C698D61F-F4F6-4996-A3E7-88A7BD4BB983}.Debug|Any CPU.Build.0 = Debug|Any CPU
		{C698D61F-F4F6-4996-A3E7-88A7BD4BB983}.Debug|iPhone.ActiveCfg = Debug|Any CPU
		{C698D61F-F4F6-4996-A3E7-88A7BD4BB983}.Debug|iPhone.Build.0 = Debug|Any CPU
		{C698D61F-F4F6-4996-A3E7-88A7BD4BB983}.Debug|iPhoneSimulator.ActiveCfg = Debug|Any CPU
		{C698D61F-F4F6-4996-A3E7-88A7BD4BB983}.Debug|iPhoneSimulator.Build.0 = Debug|Any CPU
		{C698D61F-F4F6-4996-A3E7-88A7BD4BB983}.Release|Any CPU.ActiveCfg = Release|Any CPU
		{C698D61F-F4F6-4996-A3E7-88A7BD4BB983}.Release|Any CPU.Build.0 = Release|Any CPU
		{C698D61F-F4F6-4996-A3E7-88A7BD4BB983}.Release|iPhone.ActiveCfg = Release|Any CPU
		{C698D61F-F4F6-4996-A3E7-88A7BD4BB983}.Release|iPhone.Build.0 = Release|Any CPU
		{C698D61F-F4F6-4996-A3E7-88A7BD4BB983}.Release|iPhoneSimulator.ActiveCfg = Release|Any CPU
		{C698D61F-F4F6-4996-A3E7-88A7BD4BB983}.Release|iPhoneSimulator.Build.0 = Release|Any CPU
	EndGlobalSection
	GlobalSection(SolutionProperties) = preSolution
		HideSolutionNode = FALSE
	EndGlobalSection
	GlobalSection(NestedProjects) = preSolution
		{FAA476F3-A160-4A65-8CA7-5BF4CB020B5E} = {CA70087D-8B7F-4B51-8435-1843B21EF901}
		{8EE5C629-F800-44A1-BDD1-7267B239E6AA} = {CA70087D-8B7F-4B51-8435-1843B21EF901}
		{F51855D6-39C6-4014-BE0D-0D98A3522D13} = {9F57F958-769A-4C93-99DA-FD04477199B8}
		{F4330852-8F2D-43E9-9EAF-6A60809F9539} = {D65ECB26-7B8D-4693-B6E7-0C97DDB39686}
		{40D7D489-ABBB-41A1-98D8-90834A4367A5} = {D65ECB26-7B8D-4693-B6E7-0C97DDB39686}
		{921B2DEA-80FB-4CC4-B2AB-3315987F6077} = {9F57F958-769A-4C93-99DA-FD04477199B8}
		{92469258-EA47-4720-B4AC-80F8336E288C} = {9F57F958-769A-4C93-99DA-FD04477199B8}
		{4E61609F-17BE-418C-B73D-FF2CBC614FAE} = {D65ECB26-7B8D-4693-B6E7-0C97DDB39686}
		{FDE356E6-F75F-4E03-966C-CF9349BAAC09} = {9F57F958-769A-4C93-99DA-FD04477199B8}
		{C5676854-536D-433F-8E2C-DBA8F66D7233} = {9F57F958-769A-4C93-99DA-FD04477199B8}
		{958878CE-9667-4CD2-AF5D-98FFD66FABC6} = {9F57F958-769A-4C93-99DA-FD04477199B8}
		{979DE31F-8588-4D00-B1EE-669A5B92C68D} = {9F57F958-769A-4C93-99DA-FD04477199B8}
		{8A11A37B-FF68-4E2E-AE87-E48A82E89AA8} = {9F57F958-769A-4C93-99DA-FD04477199B8}
		{B145F55F-E991-4EDA-9745-93496DF62199} = {7D52DEE1-60BD-407F-9195-85746CAB7BB8}
		{148A5EEB-0992-4D40-91EA-95B5E472F0F7} = {7D52DEE1-60BD-407F-9195-85746CAB7BB8}
		{1AE3C46B-9010-4E7E-A5F3-47E43DFB34DF} = {7D52DEE1-60BD-407F-9195-85746CAB7BB8}
		{3BA3E0D6-662E-4207-AF44-06F7E448DB35} = {7D52DEE1-60BD-407F-9195-85746CAB7BB8}
		{22D091B9-1915-400E-B54E-131482619CDD} = {7D52DEE1-60BD-407F-9195-85746CAB7BB8}
		{E16BFCE9-D3A4-417B-A1DC-ABEA24B27F4F} = {CB8FB2D8-7383-4CD8-A023-F26FA72F058F}
		{019FB34C-BD98-4245-9FFD-58EFCA293315} = {CB8FB2D8-7383-4CD8-A023-F26FA72F058F}
		{516F72CA-45B2-44D3-8F86-4C9D1DB3A945} = {CB8FB2D8-7383-4CD8-A023-F26FA72F058F}
		{6F7A4103-D25F-44F8-B964-DB987A6F3585} = {CB8FB2D8-7383-4CD8-A023-F26FA72F058F}
		{58FA6B4B-AB31-4791-B131-FC92AAFBF9BE} = {CB8FB2D8-7383-4CD8-A023-F26FA72F058F}
		{C698D61F-F4F6-4996-A3E7-88A7BD4BB983} = {CB8FB2D8-7383-4CD8-A023-F26FA72F058F}
	EndGlobalSection
	GlobalSection(ExtensibilityGlobals) = postSolution
		SolutionGuid = {E045AA5D-71D4-4E94-B382-7DE4372903CC}
	EndGlobalSection
EndGlobal
